
Microsoft Visual Studio Solution File, Format Version 12.00
# Visual Studio Version 17
VisualStudioVersion = 17.0.31903.59
MinimumVisualStudioVersion = 10.0.40219.1
Project("{2150E333-8FDC-42A3-9474-1A3956D46DE8}") = "FrontEnd", "FrontEnd", "{5359F403-AA4B-42C8-868E-1B2EB44D7466}"
EndProject
Project("{9A19103F-16F7-4668-BE54-9A1E7A4F7556}") = "Mongo.Web", "FrontEnd\Mongo.Web\Mongo.Web.csproj", "{02EDB94B-94E5-4690-94FE-B67A864198D0}"
EndProject
Project("{2150E333-8FDC-42A3-9474-1A3956D46DE8}") = "Services", "Services", "{A4929AB7-2ED3-4A25-ABBF-55A5B74D3EF9}"
EndProject
Project("{FAE04EC0-301F-11D3-BF4B-00C04F79EFBC}") = "Mongo.Services.ProductAPI", "Services\Mongo.Services.ProductAPI\Mongo.Services.ProductAPI.csproj", "{A366E1C2-225A-4685-B1CE-2D18700CECF8}"
EndProject
Global
	GlobalSection(SolutionConfigurationPlatforms) = preSolution
		Debug|Any CPU = Debug|Any CPU
		Release|Any CPU = Release|Any CPU
	EndGlobalSection
	GlobalSection(ProjectConfigurationPlatforms) = postSolution
		{02EDB94B-94E5-4690-94FE-B67A864198D0}.Debug|Any CPU.ActiveCfg = Debug|Any CPU
		{02EDB94B-94E5-4690-94FE-B67A864198D0}.Debug|Any CPU.Build.0 = Debug|Any CPU
		{02EDB94B-94E5-4690-94FE-B67A864198D0}.Release|Any CPU.ActiveCfg = Release|Any CPU
		{02EDB94B-94E5-4690-94FE-B67A864198D0}.Release|Any CPU.Build.0 = Release|Any CPU
		{A366E1C2-225A-4685-B1CE-2D18700CECF8}.Debug|Any CPU.ActiveCfg = Debug|Any CPU
		{A366E1C2-225A-4685-B1CE-2D18700CECF8}.Debug|Any CPU.Build.0 = Debug|Any CPU
		{A366E1C2-225A-4685-B1CE-2D18700CECF8}.Release|Any CPU.ActiveCfg = Release|Any CPU
		{A366E1C2-225A-4685-B1CE-2D18700CECF8}.Release|Any CPU.Build.0 = Release|Any CPU
	EndGlobalSection
	GlobalSection(SolutionProperties) = preSolution
		HideSolutionNode = FALSE
	EndGlobalSection
	GlobalSection(NestedProjects) = preSolution
		{02EDB94B-94E5-4690-94FE-B67A864198D0} = {5359F403-AA4B-42C8-868E-1B2EB44D7466}
		{A366E1C2-225A-4685-B1CE-2D18700CECF8} = {A4929AB7-2ED3-4A25-ABBF-55A5B74D3EF9}
	EndGlobalSection
	GlobalSection(ExtensibilityGlobals) = postSolution
		SolutionGuid = {E77BF09B-4D19-4950-AF4A-13DC4FB06453}
	EndGlobalSection
EndGlobal
